
Microsoft Visual Studio Solution File, Format Version 12.00
# Visual Studio Version 16
VisualStudioVersion = 16.0.31410.357
MinimumVisualStudioVersion = 10.0.40219.1
Project("{2150E333-8FDC-42A3-9474-1A3956D46DE8}") = "Services", "Services", "{5B31C7EC-0AF7-4426-86EB-9F7969BB19EB}"
EndProject
Project("{2150E333-8FDC-42A3-9474-1A3956D46DE8}") = "Catalog", "Catalog", "{0613D321-4BE6-49CD-B466-208CAAC3C7B4}"
EndProject
Project("{9A19103F-16F7-4668-BE54-9A1E7A4F7556}") = "Services.Catalog", "Services\Catalog\Services.Catalog\Services.Catalog.csproj", "{EDA17507-0EA0-47F4-ABA3-787F9AE8EA4C}"
EndProject
Project("{2150E333-8FDC-42A3-9474-1A3956D46DE8}") = "Solution Items", "Solution Items", "{F413D9CC-4F20-4C70-8779-5F45AC1F64CD}"
	ProjectSection(SolutionItems) = preProject
		Ports.txt = Ports.txt
	EndProjectSection
EndProject
Project("{2150E333-8FDC-42A3-9474-1A3956D46DE8}") = "Shared", "Shared", "{77CFBF31-715C-4D8F-971F-4C533EAA029F}"
EndProject
Project("{9A19103F-16F7-4668-BE54-9A1E7A4F7556}") = "Shared", "Shared\Shared\Shared.csproj", "{1B5604E6-E63B-4A9B-85BF-F905C58334CD}"
EndProject
Project("{2150E333-8FDC-42A3-9474-1A3956D46DE8}") = "IdentityServer", "IdentityServer", "{090914D0-A5E7-4499-8BB1-D7A53FAC5A22}"
EndProject
Project("{9A19103F-16F7-4668-BE54-9A1E7A4F7556}") = "IdentityServer", "IdentityServer\IdentityServer\IdentityServer.csproj", "{948AFEB7-5D20-4E86-B9EB-D880A5250DA5}"
EndProject
Project("{2150E333-8FDC-42A3-9474-1A3956D46DE8}") = "PhotoStock", "PhotoStock", "{F2D54C06-B607-49B0-BB13-EE113E12ED2B}"
EndProject
Project("{9A19103F-16F7-4668-BE54-9A1E7A4F7556}") = "PhotoStock", "Services\PhotoStock\PhotoStock\PhotoStock.csproj", "{6D8314FF-4721-449C-AC81-4DC863786408}"
EndProject
Project("{2150E333-8FDC-42A3-9474-1A3956D46DE8}") = "Basket", "Basket", "{CD514F83-A266-4F18-8877-CCE19108502F}"
EndProject
Project("{9A19103F-16F7-4668-BE54-9A1E7A4F7556}") = "Basket", "Services\Basket\Basket\Basket.csproj", "{9560310B-9D40-437A-8210-16CD9690B6B2}"
EndProject
Project("{2150E333-8FDC-42A3-9474-1A3956D46DE8}") = "Discount", "Discount", "{1192CB0C-8046-4CCB-8713-466AB287911B}"
EndProject
Project("{9A19103F-16F7-4668-BE54-9A1E7A4F7556}") = "Discount", "Services\Discount\Discount\Discount.csproj", "{5F9F62C7-6DD0-4016-BD45-345DA860BF19}"
EndProject
Project("{2150E333-8FDC-42A3-9474-1A3956D46DE8}") = "Order", "Order", "{BEAC3B71-DCCA-4CA8-8E6E-07F08611FA0C}"
EndProject
Project("{9A19103F-16F7-4668-BE54-9A1E7A4F7556}") = "Order.Api", "Services\Order\Order.Api\Order.Api.csproj", "{E7E723F9-C9CF-4EBC-A128-7493D3FFE084}"
EndProject
Project("{9A19103F-16F7-4668-BE54-9A1E7A4F7556}") = "Order.Application", "Services\Order\Order.Application\Order.Application.csproj", "{CA91486E-3D65-4E72-A02E-E2F572F5BA1B}"
EndProject
Project("{9A19103F-16F7-4668-BE54-9A1E7A4F7556}") = "Order.Domain.Core", "Services\Order\Order.Domain.Core\Order.Domain.Core.csproj", "{AF089783-B2A2-4EC0-A57A-8CF47537967D}"
EndProject
Project("{9A19103F-16F7-4668-BE54-9A1E7A4F7556}") = "Order.Infrastructure", "Services\Order\Order.Infrastructure\Order.Infrastructure.csproj", "{93D16A51-759B-48F1-AFD6-A6772A836FAF}"
EndProject
Project("{9A19103F-16F7-4668-BE54-9A1E7A4F7556}") = "Order.Domain", "Services\Order\Order.Domain\Order.Domain.csproj", "{C8F1D3FC-F237-42EA-BFDA-7F11FF81FED8}"
EndProject
Project("{2150E333-8FDC-42A3-9474-1A3956D46DE8}") = "FakePayment", "FakePayment", "{C62A7BBF-BF78-40F8-A108-8E4F413230BB}"
EndProject
Project("{9A19103F-16F7-4668-BE54-9A1E7A4F7556}") = "FakePayment.Api", "Services\FakePayment\FakePayment.Api\FakePayment.Api.csproj", "{A2DF9AE1-0002-445F-BC05-0F2F13A79C80}"
EndProject
Project("{2150E333-8FDC-42A3-9474-1A3956D46DE8}") = "Getways", "Getways", "{1B1885A9-3C2B-4CBD-ACC5-7A8BB6693E93}"
EndProject
Project("{9A19103F-16F7-4668-BE54-9A1E7A4F7556}") = "Getway", "Getway\Getway.csproj", "{F57F3E78-751C-4EB1-9C1F-5B8556BAD612}"
EndProject
Project("{2150E333-8FDC-42A3-9474-1A3956D46DE8}") = "Frontend", "Frontend", "{3F0EED71-312F-4899-BB34-81B593584ED1}"
EndProject
Project("{FAE04EC0-301F-11D3-BF4B-00C04F79EFBC}") = "WebUI", "Frontend\WebUI\WebUI.csproj", "{1C36C70C-2D63-42CB-962D-7D5E4C4DF119}"
EndProject
Global
	GlobalSection(SolutionConfigurationPlatforms) = preSolution
		Debug|Any CPU = Debug|Any CPU
		Release|Any CPU = Release|Any CPU
	EndGlobalSection
	GlobalSection(ProjectConfigurationPlatforms) = postSolution
		{EDA17507-0EA0-47F4-ABA3-787F9AE8EA4C}.Debug|Any CPU.ActiveCfg = Debug|Any CPU
		{EDA17507-0EA0-47F4-ABA3-787F9AE8EA4C}.Debug|Any CPU.Build.0 = Debug|Any CPU
		{EDA17507-0EA0-47F4-ABA3-787F9AE8EA4C}.Release|Any CPU.ActiveCfg = Release|Any CPU
		{EDA17507-0EA0-47F4-ABA3-787F9AE8EA4C}.Release|Any CPU.Build.0 = Release|Any CPU
		{1B5604E6-E63B-4A9B-85BF-F905C58334CD}.Debug|Any CPU.ActiveCfg = Debug|Any CPU
		{1B5604E6-E63B-4A9B-85BF-F905C58334CD}.Debug|Any CPU.Build.0 = Debug|Any CPU
		{1B5604E6-E63B-4A9B-85BF-F905C58334CD}.Release|Any CPU.ActiveCfg = Release|Any CPU
		{1B5604E6-E63B-4A9B-85BF-F905C58334CD}.Release|Any CPU.Build.0 = Release|Any CPU
		{948AFEB7-5D20-4E86-B9EB-D880A5250DA5}.Debug|Any CPU.ActiveCfg = Debug|Any CPU
		{948AFEB7-5D20-4E86-B9EB-D880A5250DA5}.Debug|Any CPU.Build.0 = Debug|Any CPU
		{948AFEB7-5D20-4E86-B9EB-D880A5250DA5}.Release|Any CPU.ActiveCfg = Release|Any CPU
		{948AFEB7-5D20-4E86-B9EB-D880A5250DA5}.Release|Any CPU.Build.0 = Release|Any CPU
		{6D8314FF-4721-449C-AC81-4DC863786408}.Debug|Any CPU.ActiveCfg = Debug|Any CPU
		{6D8314FF-4721-449C-AC81-4DC863786408}.Debug|Any CPU.Build.0 = Debug|Any CPU
		{6D8314FF-4721-449C-AC81-4DC863786408}.Release|Any CPU.ActiveCfg = Release|Any CPU
		{6D8314FF-4721-449C-AC81-4DC863786408}.Release|Any CPU.Build.0 = Release|Any CPU
		{9560310B-9D40-437A-8210-16CD9690B6B2}.Debug|Any CPU.ActiveCfg = Debug|Any CPU
		{9560310B-9D40-437A-8210-16CD9690B6B2}.Debug|Any CPU.Build.0 = Debug|Any CPU
		{9560310B-9D40-437A-8210-16CD9690B6B2}.Release|Any CPU.ActiveCfg = Release|Any CPU
		{9560310B-9D40-437A-8210-16CD9690B6B2}.Release|Any CPU.Build.0 = Release|Any CPU
		{5F9F62C7-6DD0-4016-BD45-345DA860BF19}.Debug|Any CPU.ActiveCfg = Debug|Any CPU
		{5F9F62C7-6DD0-4016-BD45-345DA860BF19}.Debug|Any CPU.Build.0 = Debug|Any CPU
		{5F9F62C7-6DD0-4016-BD45-345DA860BF19}.Release|Any CPU.ActiveCfg = Release|Any CPU
		{5F9F62C7-6DD0-4016-BD45-345DA860BF19}.Release|Any CPU.Build.0 = Release|Any CPU
		{E7E723F9-C9CF-4EBC-A128-7493D3FFE084}.Debug|Any CPU.ActiveCfg = Debug|Any CPU
		{E7E723F9-C9CF-4EBC-A128-7493D3FFE084}.Debug|Any CPU.Build.0 = Debug|Any CPU
		{E7E723F9-C9CF-4EBC-A128-7493D3FFE084}.Release|Any CPU.ActiveCfg = Release|Any CPU
		{E7E723F9-C9CF-4EBC-A128-7493D3FFE084}.Release|Any CPU.Build.0 = Release|Any CPU
		{CA91486E-3D65-4E72-A02E-E2F572F5BA1B}.Debug|Any CPU.ActiveCfg = Debug|Any CPU
		{CA91486E-3D65-4E72-A02E-E2F572F5BA1B}.Debug|Any CPU.Build.0 = Debug|Any CPU
		{CA91486E-3D65-4E72-A02E-E2F572F5BA1B}.Release|Any CPU.ActiveCfg = Release|Any CPU
		{CA91486E-3D65-4E72-A02E-E2F572F5BA1B}.Release|Any CPU.Build.0 = Release|Any CPU
		{AF089783-B2A2-4EC0-A57A-8CF47537967D}.Debug|Any CPU.ActiveCfg = Debug|Any CPU
		{AF089783-B2A2-4EC0-A57A-8CF47537967D}.Debug|Any CPU.Build.0 = Debug|Any CPU
		{AF089783-B2A2-4EC0-A57A-8CF47537967D}.Release|Any CPU.ActiveCfg = Release|Any CPU
		{AF089783-B2A2-4EC0-A57A-8CF47537967D}.Release|Any CPU.Build.0 = Release|Any CPU
		{93D16A51-759B-48F1-AFD6-A6772A836FAF}.Debug|Any CPU.ActiveCfg = Debug|Any CPU
		{93D16A51-759B-48F1-AFD6-A6772A836FAF}.Debug|Any CPU.Build.0 = Debug|Any CPU
		{93D16A51-759B-48F1-AFD6-A6772A836FAF}.Release|Any CPU.ActiveCfg = Release|Any CPU
		{93D16A51-759B-48F1-AFD6-A6772A836FAF}.Release|Any CPU.Build.0 = Release|Any CPU
		{C8F1D3FC-F237-42EA-BFDA-7F11FF81FED8}.Debug|Any CPU.ActiveCfg = Debug|Any CPU
		{C8F1D3FC-F237-42EA-BFDA-7F11FF81FED8}.Debug|Any CPU.Build.0 = Debug|Any CPU
		{C8F1D3FC-F237-42EA-BFDA-7F11FF81FED8}.Release|Any CPU.ActiveCfg = Release|Any CPU
		{C8F1D3FC-F237-42EA-BFDA-7F11FF81FED8}.Release|Any CPU.Build.0 = Release|Any CPU
		{A2DF9AE1-0002-445F-BC05-0F2F13A79C80}.Debug|Any CPU.ActiveCfg = Debug|Any CPU
		{A2DF9AE1-0002-445F-BC05-0F2F13A79C80}.Debug|Any CPU.Build.0 = Debug|Any CPU
		{A2DF9AE1-0002-445F-BC05-0F2F13A79C80}.Release|Any CPU.ActiveCfg = Release|Any CPU
		{A2DF9AE1-0002-445F-BC05-0F2F13A79C80}.Release|Any CPU.Build.0 = Release|Any CPU
		{F57F3E78-751C-4EB1-9C1F-5B8556BAD612}.Debug|Any CPU.ActiveCfg = Debug|Any CPU
		{F57F3E78-751C-4EB1-9C1F-5B8556BAD612}.Debug|Any CPU.Build.0 = Debug|Any CPU
		{F57F3E78-751C-4EB1-9C1F-5B8556BAD612}.Release|Any CPU.ActiveCfg = Release|Any CPU
		{F57F3E78-751C-4EB1-9C1F-5B8556BAD612}.Release|Any CPU.Build.0 = Release|Any CPU
		{1C36C70C-2D63-42CB-962D-7D5E4C4DF119}.Debug|Any CPU.ActiveCfg = Debug|Any CPU
		{1C36C70C-2D63-42CB-962D-7D5E4C4DF119}.Debug|Any CPU.Build.0 = Debug|Any CPU
		{1C36C70C-2D63-42CB-962D-7D5E4C4DF119}.Release|Any CPU.ActiveCfg = Release|Any CPU
		{1C36C70C-2D63-42CB-962D-7D5E4C4DF119}.Release|Any CPU.Build.0 = Release|Any CPU
	EndGlobalSection
	GlobalSection(SolutionProperties) = preSolution
		HideSolutionNode = FALSE
	EndGlobalSection
	GlobalSection(NestedProjects) = preSolution
		{0613D321-4BE6-49CD-B466-208CAAC3C7B4} = {5B31C7EC-0AF7-4426-86EB-9F7969BB19EB}
		{EDA17507-0EA0-47F4-ABA3-787F9AE8EA4C} = {0613D321-4BE6-49CD-B466-208CAAC3C7B4}
		{1B5604E6-E63B-4A9B-85BF-F905C58334CD} = {77CFBF31-715C-4D8F-971F-4C533EAA029F}
		{948AFEB7-5D20-4E86-B9EB-D880A5250DA5} = {090914D0-A5E7-4499-8BB1-D7A53FAC5A22}
		{F2D54C06-B607-49B0-BB13-EE113E12ED2B} = {5B31C7EC-0AF7-4426-86EB-9F7969BB19EB}
		{6D8314FF-4721-449C-AC81-4DC863786408} = {F2D54C06-B607-49B0-BB13-EE113E12ED2B}
		{CD514F83-A266-4F18-8877-CCE19108502F} = {5B31C7EC-0AF7-4426-86EB-9F7969BB19EB}
		{9560310B-9D40-437A-8210-16CD9690B6B2} = {CD514F83-A266-4F18-8877-CCE19108502F}
		{1192CB0C-8046-4CCB-8713-466AB287911B} = {5B31C7EC-0AF7-4426-86EB-9F7969BB19EB}
		{5F9F62C7-6DD0-4016-BD45-345DA860BF19} = {1192CB0C-8046-4CCB-8713-466AB287911B}
		{BEAC3B71-DCCA-4CA8-8E6E-07F08611FA0C} = {5B31C7EC-0AF7-4426-86EB-9F7969BB19EB}
		{E7E723F9-C9CF-4EBC-A128-7493D3FFE084} = {BEAC3B71-DCCA-4CA8-8E6E-07F08611FA0C}
		{CA91486E-3D65-4E72-A02E-E2F572F5BA1B} = {BEAC3B71-DCCA-4CA8-8E6E-07F08611FA0C}
		{AF089783-B2A2-4EC0-A57A-8CF47537967D} = {BEAC3B71-DCCA-4CA8-8E6E-07F08611FA0C}
		{93D16A51-759B-48F1-AFD6-A6772A836FAF} = {BEAC3B71-DCCA-4CA8-8E6E-07F08611FA0C}
		{C8F1D3FC-F237-42EA-BFDA-7F11FF81FED8} = {BEAC3B71-DCCA-4CA8-8E6E-07F08611FA0C}
		{C62A7BBF-BF78-40F8-A108-8E4F413230BB} = {5B31C7EC-0AF7-4426-86EB-9F7969BB19EB}
		{A2DF9AE1-0002-445F-BC05-0F2F13A79C80} = {C62A7BBF-BF78-40F8-A108-8E4F413230BB}
		{F57F3E78-751C-4EB1-9C1F-5B8556BAD612} = {1B1885A9-3C2B-4CBD-ACC5-7A8BB6693E93}
		{1C36C70C-2D63-42CB-962D-7D5E4C4DF119} = {3F0EED71-312F-4899-BB34-81B593584ED1}
	EndGlobalSection
	GlobalSection(ExtensibilityGlobals) = postSolution
		SolutionGuid = {29F0A5A6-4A3A-471C-A3B1-7CF6C68BA0B7}
	EndGlobalSection
EndGlobal
